
Microsoft Visual Studio Solution File, Format Version 12.00
# Visual Studio 14
VisualStudioVersion = 14.0.24720.0
MinimumVisualStudioVersion = 10.0.40219.1
Project("{FAE04EC0-301F-11D3-BF4B-00C04F79EFBC}") = "BookStore.Api", "BookStore.Api\BookStore.Api.csproj", "{80252E80-4DDF-4314-94C8-5B078A9093F9}"
EndProject
Project("{2150E333-8FDC-42A3-9474-1A3956D46DE8}") = "Solution Items", "Solution Items", "{26380D49-40B6-4884-A55F-D2D559918474}"
	ProjectSection(SolutionItems) = preProject
		UamTTA\App.config = UamTTA\App.config
		UamTTA\IBudgetFactory.cs = UamTTA\IBudgetFactory.cs
		UamTTA\packages.config = UamTTA\packages.config
		UamTTA\UamTTA.csproj = UamTTA\UamTTA.csproj
		UamTTA.Tests\UamTTA.Tests.csproj = UamTTA.Tests\UamTTA.Tests.csproj
	EndProjectSection
EndProject
Project("{FAE04EC0-301F-11D3-BF4B-00C04F79EFBC}") = "BookStore.Api.Test", "BookStore.Api.Test\BookStore.Api.Test.csproj", "{592CB535-8ED4-4F0F-93B8-0191D4017E0E}"
EndProject
Project("{8BB2217D-0F2D-49D1-97BC-3654ED321F3B}") = "AngularServer", "AngularServer\AngularServer.xproj", "{4858AB8A-C1D8-45CC-A10A-7359810E24A9}"
EndProject
Project("{FAE04EC0-301F-11D3-BF4B-00C04F79EFBC}") = "BookStore.ApiTests", "BookStore.ApiTests\BookStore.ApiTests.csproj", "{CE2AA84C-46D4-4D4C-8285-F4E8E0EDBF83}"
EndProject
Global
	GlobalSection(SolutionConfigurationPlatforms) = preSolution
		Debug|Any CPU = Debug|Any CPU
		Release|Any CPU = Release|Any CPU
	EndGlobalSection
	GlobalSection(ProjectConfigurationPlatforms) = postSolution
		{80252E80-4DDF-4314-94C8-5B078A9093F9}.Debug|Any CPU.ActiveCfg = Debug|Any CPU
		{80252E80-4DDF-4314-94C8-5B078A9093F9}.Debug|Any CPU.Build.0 = Debug|Any CPU
		{80252E80-4DDF-4314-94C8-5B078A9093F9}.Release|Any CPU.ActiveCfg = Release|Any CPU
		{80252E80-4DDF-4314-94C8-5B078A9093F9}.Release|Any CPU.Build.0 = Release|Any CPU
		{592CB535-8ED4-4F0F-93B8-0191D4017E0E}.Debug|Any CPU.ActiveCfg = Debug|Any CPU
		{592CB535-8ED4-4F0F-93B8-0191D4017E0E}.Debug|Any CPU.Build.0 = Debug|Any CPU
		{592CB535-8ED4-4F0F-93B8-0191D4017E0E}.Release|Any CPU.ActiveCfg = Release|Any CPU
		{592CB535-8ED4-4F0F-93B8-0191D4017E0E}.Release|Any CPU.Build.0 = Release|Any CPU
		{4858AB8A-C1D8-45CC-A10A-7359810E24A9}.Debug|Any CPU.ActiveCfg = Debug|Any CPU
		{4858AB8A-C1D8-45CC-A10A-7359810E24A9}.Debug|Any CPU.Build.0 = Debug|Any CPU
		{4858AB8A-C1D8-45CC-A10A-7359810E24A9}.Release|Any CPU.ActiveCfg = Release|Any CPU
		{4858AB8A-C1D8-45CC-A10A-7359810E24A9}.Release|Any CPU.Build.0 = Release|Any CPU
		{CE2AA84C-46D4-4D4C-8285-F4E8E0EDBF83}.Debug|Any CPU.ActiveCfg = Debug|Any CPU
		{CE2AA84C-46D4-4D4C-8285-F4E8E0EDBF83}.Debug|Any CPU.Build.0 = Debug|Any CPU
		{CE2AA84C-46D4-4D4C-8285-F4E8E0EDBF83}.Release|Any CPU.ActiveCfg = Release|Any CPU
		{CE2AA84C-46D4-4D4C-8285-F4E8E0EDBF83}.Release|Any CPU.Build.0 = Release|Any CPU
	EndGlobalSection
	GlobalSection(SolutionProperties) = preSolution
		HideSolutionNode = FALSE
	EndGlobalSection
EndGlobal
